
Microsoft Visual Studio Solution File, Format Version 12.00
# Visual Studio Version 16
VisualStudioVersion = 16.0.29806.167
MinimumVisualStudioVersion = 10.0.40219.1
Project("{00D1A9C2-B5F0-4AF3-8072-F6C62B433612}") = "ZrakForum.Database", "ZrakForum.Database\ZrakForum.Database.sqlproj", "{7B35557B-E186-4159-8E07-5F8779317B1A}"
EndProject
Project("{FAE04EC0-301F-11D3-BF4B-00C04F79EFBC}") = "ZrakForum.Web", "ZrakForum.Web\ZrakForum.Web.csproj", "{53B152C9-BD37-47CD-BE74-AD1EC49B14F5}"
EndProject
Global
	GlobalSection(SolutionConfigurationPlatforms) = preSolution
		Debug|Any CPU = Debug|Any CPU
		Release|Any CPU = Release|Any CPU
	EndGlobalSection
	GlobalSection(ProjectConfigurationPlatforms) = postSolution
		{7B35557B-E186-4159-8E07-5F8779317B1A}.Debug|Any CPU.ActiveCfg = Debug|Any CPU
		{7B35557B-E186-4159-8E07-5F8779317B1A}.Debug|Any CPU.Build.0 = Debug|Any CPU
		{7B35557B-E186-4159-8E07-5F8779317B1A}.Debug|Any CPU.Deploy.0 = Debug|Any CPU
		{7B35557B-E186-4159-8E07-5F8779317B1A}.Release|Any CPU.ActiveCfg = Release|Any CPU
		{7B35557B-E186-4159-8E07-5F8779317B1A}.Release|Any CPU.Build.0 = Release|Any CPU
		{7B35557B-E186-4159-8E07-5F8779317B1A}.Release|Any CPU.Deploy.0 = Release|Any CPU
		{53B152C9-BD37-47CD-BE74-AD1EC49B14F5}.Debug|Any CPU.ActiveCfg = Debug|Any CPU
		{53B152C9-BD37-47CD-BE74-AD1EC49B14F5}.Debug|Any CPU.Build.0 = Debug|Any CPU
		{53B152C9-BD37-47CD-BE74-AD1EC49B14F5}.Release|Any CPU.ActiveCfg = Release|Any CPU
		{53B152C9-BD37-47CD-BE74-AD1EC49B14F5}.Release|Any CPU.Build.0 = Release|Any CPU
	EndGlobalSection
	GlobalSection(SolutionProperties) = preSolution
		HideSolutionNode = FALSE
	EndGlobalSection
	GlobalSection(ExtensibilityGlobals) = postSolution
		SolutionGuid = {FE146502-A481-4022-BF09-6A4B256BB4BC}
	EndGlobalSection
EndGlobal
